
Microsoft Visual Studio Solution File, Format Version 12.00
# Visual Studio 15
VisualStudioVersion = 15.0.28010.2003
MinimumVisualStudioVersion = 10.0.40219.1
Project("{9A19103F-16F7-4668-BE54-9A1E7A4F7556}") = "LightSocket", "LightSocket.csproj", "{392105DC-4574-4D0D-B8E4-383682FAEDCA}"
EndProject
Global
	GlobalSection(SolutionConfigurationPlatforms) = preSolution
		Debug|Any CPU = Debug|Any CPU
		Release|Any CPU = Release|Any CPU
	EndGlobalSection
	GlobalSection(ProjectConfigurationPlatforms) = postSolution
		{392105DC-4574-4D0D-B8E4-383682FAEDCA}.Debug|Any CPU.ActiveCfg = Debug|Any CPU
		{392105DC-4574-4D0D-B8E4-383682FAEDCA}.Debug|Any CPU.Build.0 = Debug|Any CPU
		{392105DC-4574-4D0D-B8E4-383682FAEDCA}.Release|Any CPU.ActiveCfg = Release|Any CPU
		{392105DC-4574-4D0D-B8E4-383682FAEDCA}.Release|Any CPU.Build.0 = Release|Any CPU
	EndGlobalSection
	GlobalSection(SolutionProperties) = preSolution
		HideSolutionNode = FALSE
	EndGlobalSection
	GlobalSection(ExtensibilityGlobals) = postSolution
		SolutionGuid = {98D2E51C-D5BE-4D7C-B8ED-1272A7C870F0}
	EndGlobalSection
EndGlobal
